
Microsoft Visual Studio Solution File, Format Version 12.00
# Visual Studio Version 17
VisualStudioVersion = 17.1.32407.343
MinimumVisualStudioVersion = 10.0.40219.1
Project("{FAE04EC0-301F-11D3-BF4B-00C04F79EFBC}") = "NetCore-GithubWorkflows-Demo", "NetCore-GithubWorkflows-Demo\NetCore-GithubWorkflows-Demo.csproj", "{47C90060-689C-4AE7-A618-6847D33DA90C}"
EndProject
Project("{FAE04EC0-301F-11D3-BF4B-00C04F79EFBC}") = "NetCore-GithubWorkflows-DemoTests", "NetCore-GithubWorkflows-DemoTests\NetCore-GithubWorkflows-DemoTests.csproj", "{4F0E4DE3-EABC-4BA0-B7E8-B062121A2F58}"
EndProject
Global
	GlobalSection(SolutionConfigurationPlatforms) = preSolution
		Debug|Any CPU = Debug|Any CPU
		Release|Any CPU = Release|Any CPU
	EndGlobalSection
	GlobalSection(ProjectConfigurationPlatforms) = postSolution
		{47C90060-689C-4AE7-A618-6847D33DA90C}.Debug|Any CPU.ActiveCfg = Debug|Any CPU
		{47C90060-689C-4AE7-A618-6847D33DA90C}.Debug|Any CPU.Build.0 = Debug|Any CPU
		{47C90060-689C-4AE7-A618-6847D33DA90C}.Release|Any CPU.ActiveCfg = Release|Any CPU
		{47C90060-689C-4AE7-A618-6847D33DA90C}.Release|Any CPU.Build.0 = Release|Any CPU
		{4F0E4DE3-EABC-4BA0-B7E8-B062121A2F58}.Debug|Any CPU.ActiveCfg = Debug|Any CPU
		{4F0E4DE3-EABC-4BA0-B7E8-B062121A2F58}.Debug|Any CPU.Build.0 = Debug|Any CPU
		{4F0E4DE3-EABC-4BA0-B7E8-B062121A2F58}.Release|Any CPU.ActiveCfg = Release|Any CPU
		{4F0E4DE3-EABC-4BA0-B7E8-B062121A2F58}.Release|Any CPU.Build.0 = Release|Any CPU
	EndGlobalSection
	GlobalSection(SolutionProperties) = preSolution
		HideSolutionNode = FALSE
	EndGlobalSection
	GlobalSection(ExtensibilityGlobals) = postSolution
		SolutionGuid = {B1E645AB-1659-4878-B88B-49EF4F58B170}
	EndGlobalSection
EndGlobal
